
Microsoft Visual Studio Solution File, Format Version 12.00
# Visual Studio Version 17
VisualStudioVersion = 17.11.35327.3
MinimumVisualStudioVersion = 10.0.40219.1
Project("{FAE04EC0-301F-11D3-BF4B-00C04F79EFBC}") = "odev 7", "odev 7\odev 7.csproj", "{5060659A-937F-44D5-847D-1B959A5F0053}"
EndProject
Global
	GlobalSection(SolutionConfigurationPlatforms) = preSolution
		Debug|Any CPU = Debug|Any CPU
		Release|Any CPU = Release|Any CPU
	EndGlobalSection
	GlobalSection(ProjectConfigurationPlatforms) = postSolution
		{5060659A-937F-44D5-847D-1B959A5F0053}.Debug|Any CPU.ActiveCfg = Debug|Any CPU
		{5060659A-937F-44D5-847D-1B959A5F0053}.Debug|Any CPU.Build.0 = Debug|Any CPU
		{5060659A-937F-44D5-847D-1B959A5F0053}.Release|Any CPU.ActiveCfg = Release|Any CPU
		{5060659A-937F-44D5-847D-1B959A5F0053}.Release|Any CPU.Build.0 = Release|Any CPU
	EndGlobalSection
	GlobalSection(SolutionProperties) = preSolution
		HideSolutionNode = FALSE
	EndGlobalSection
	GlobalSection(ExtensibilityGlobals) = postSolution
		SolutionGuid = {F081B4B1-F720-4AA3-9EED-B4EDDA4AF61F}
	EndGlobalSection
EndGlobal
